
Microsoft Visual Studio Solution File, Format Version 12.00
# Visual Studio Version 17
VisualStudioVersion = 17.0.31903.59
MinimumVisualStudioVersion = 10.0.40219.1
Project("{FAE04EC0-301F-11D3-BF4B-00C04F79EFBC}") = "SimpleRabbitMq", "SimpleRabbitMq\SimpleRabbitMq.csproj", "{6273C278-5920-4138-8512-4B8195D44A32}"
EndProject
Project("{FAE04EC0-301F-11D3-BF4B-00C04F79EFBC}") = "SimpleRabbitMq.Api", "SimpleRabbitMq.Api\SimpleRabbitMq.Api.csproj", "{826BE0EB-4364-4998-B0DB-FB8C62BD7DD0}"
EndProject
Global
	GlobalSection(SolutionConfigurationPlatforms) = preSolution
		Debug|Any CPU = Debug|Any CPU
		Release|Any CPU = Release|Any CPU
	EndGlobalSection
	GlobalSection(SolutionProperties) = preSolution
		HideSolutionNode = FALSE
	EndGlobalSection
	GlobalSection(ProjectConfigurationPlatforms) = postSolution
		{6273C278-5920-4138-8512-4B8195D44A32}.Debug|Any CPU.ActiveCfg = Debug|Any CPU
		{6273C278-5920-4138-8512-4B8195D44A32}.Debug|Any CPU.Build.0 = Debug|Any CPU
		{6273C278-5920-4138-8512-4B8195D44A32}.Release|Any CPU.ActiveCfg = Release|Any CPU
		{6273C278-5920-4138-8512-4B8195D44A32}.Release|Any CPU.Build.0 = Release|Any CPU
		{826BE0EB-4364-4998-B0DB-FB8C62BD7DD0}.Debug|Any CPU.ActiveCfg = Debug|Any CPU
		{826BE0EB-4364-4998-B0DB-FB8C62BD7DD0}.Debug|Any CPU.Build.0 = Debug|Any CPU
		{826BE0EB-4364-4998-B0DB-FB8C62BD7DD0}.Release|Any CPU.ActiveCfg = Release|Any CPU
		{826BE0EB-4364-4998-B0DB-FB8C62BD7DD0}.Release|Any CPU.Build.0 = Release|Any CPU
	EndGlobalSection
EndGlobal
